
Microsoft Visual Studio Solution File, Format Version 12.00
# Visual Studio 15
VisualStudioVersion = 15.0.26124.0
MinimumVisualStudioVersion = 15.0.26124.0
Project("{9A19103F-16F7-4668-BE54-9A1E7A4F7556}") = "KrunchyMonkeyTemplateWS", "web\KrunchyMonkeyTemplateWS.csproj", "{AB4AC048-9011-4412-BA1D-931AE9E8A57A}"
EndProject
Project("{2150E333-8FDC-42A3-9474-1A3956D46DE8}") = "Domain", "Domain", "{C01876EE-0C0C-4333-A9AF-BFB203737C34}"
EndProject
Project("{2150E333-8FDC-42A3-9474-1A3956D46DE8}") = "SDK", "SDK", "{9A262D39-738D-4D68-8860-4B8FB0922407}"
EndProject
Project("{9A19103F-16F7-4668-BE54-9A1E7A4F7556}") = "Business", "..\km-domain-driven-development-sdk-templete\Domain\Business\Business.csproj", "{8B83C168-6727-4A2A-93D0-D99A118A894B}"
EndProject
Project("{9A19103F-16F7-4668-BE54-9A1E7A4F7556}") = "IoC", "..\km-domain-driven-development-sdk-templete\Domain\IoC\IoC.csproj", "{E3EE6C9F-CAC2-4A7E-8CFF-B225589B5593}"
EndProject
Project("{9A19103F-16F7-4668-BE54-9A1E7A4F7556}") = "ValuesManager", "..\km-domain-driven-development-sdk-templete\Domain\ValuesManager\ValuesManager.csproj", "{3E0CC89A-9791-4F05-8855-88E976E70638}"
EndProject
Project("{9A19103F-16F7-4668-BE54-9A1E7A4F7556}") = "Sdk", "..\km-domain-driven-development-sdk-templete\SDK\Sdk\Sdk.csproj", "{CC19E2D7-6AA4-4AD9-B4D9-3F3CD86EC172}"
EndProject
Project("{9A19103F-16F7-4668-BE54-9A1E7A4F7556}") = "Transient", "..\km-domain-driven-development-sdk-templete\Domain\TransientService\Transient.csproj", "{0C47C36F-DF7F-429F-A908-23D518E3ED71}"
EndProject
Global
	GlobalSection(SolutionConfigurationPlatforms) = preSolution
		Debug|Any CPU = Debug|Any CPU
		Debug|x64 = Debug|x64
		Debug|x86 = Debug|x86
		Release|Any CPU = Release|Any CPU
		Release|x64 = Release|x64
		Release|x86 = Release|x86
	EndGlobalSection
	GlobalSection(ProjectConfigurationPlatforms) = postSolution
		{AB4AC048-9011-4412-BA1D-931AE9E8A57A}.Debug|Any CPU.ActiveCfg = Debug|Any CPU
		{AB4AC048-9011-4412-BA1D-931AE9E8A57A}.Debug|Any CPU.Build.0 = Debug|Any CPU
		{AB4AC048-9011-4412-BA1D-931AE9E8A57A}.Debug|x64.ActiveCfg = Debug|Any CPU
		{AB4AC048-9011-4412-BA1D-931AE9E8A57A}.Debug|x64.Build.0 = Debug|Any CPU
		{AB4AC048-9011-4412-BA1D-931AE9E8A57A}.Debug|x86.ActiveCfg = Debug|Any CPU
		{AB4AC048-9011-4412-BA1D-931AE9E8A57A}.Debug|x86.Build.0 = Debug|Any CPU
		{AB4AC048-9011-4412-BA1D-931AE9E8A57A}.Release|Any CPU.ActiveCfg = Release|Any CPU
		{AB4AC048-9011-4412-BA1D-931AE9E8A57A}.Release|Any CPU.Build.0 = Release|Any CPU
		{AB4AC048-9011-4412-BA1D-931AE9E8A57A}.Release|x64.ActiveCfg = Release|Any CPU
		{AB4AC048-9011-4412-BA1D-931AE9E8A57A}.Release|x64.Build.0 = Release|Any CPU
		{AB4AC048-9011-4412-BA1D-931AE9E8A57A}.Release|x86.ActiveCfg = Release|Any CPU
		{AB4AC048-9011-4412-BA1D-931AE9E8A57A}.Release|x86.Build.0 = Release|Any CPU
		{8B83C168-6727-4A2A-93D0-D99A118A894B}.Debug|Any CPU.ActiveCfg = Debug|Any CPU
		{8B83C168-6727-4A2A-93D0-D99A118A894B}.Debug|Any CPU.Build.0 = Debug|Any CPU
		{8B83C168-6727-4A2A-93D0-D99A118A894B}.Debug|x64.ActiveCfg = Debug|Any CPU
		{8B83C168-6727-4A2A-93D0-D99A118A894B}.Debug|x64.Build.0 = Debug|Any CPU
		{8B83C168-6727-4A2A-93D0-D99A118A894B}.Debug|x86.ActiveCfg = Debug|Any CPU
		{8B83C168-6727-4A2A-93D0-D99A118A894B}.Debug|x86.Build.0 = Debug|Any CPU
		{8B83C168-6727-4A2A-93D0-D99A118A894B}.Release|Any CPU.ActiveCfg = Release|Any CPU
		{8B83C168-6727-4A2A-93D0-D99A118A894B}.Release|Any CPU.Build.0 = Release|Any CPU
		{8B83C168-6727-4A2A-93D0-D99A118A894B}.Release|x64.ActiveCfg = Release|Any CPU
		{8B83C168-6727-4A2A-93D0-D99A118A894B}.Release|x64.Build.0 = Release|Any CPU
		{8B83C168-6727-4A2A-93D0-D99A118A894B}.Release|x86.ActiveCfg = Release|Any CPU
		{8B83C168-6727-4A2A-93D0-D99A118A894B}.Release|x86.Build.0 = Release|Any CPU
		{E3EE6C9F-CAC2-4A7E-8CFF-B225589B5593}.Debug|Any CPU.ActiveCfg = Debug|Any CPU
		{E3EE6C9F-CAC2-4A7E-8CFF-B225589B5593}.Debug|Any CPU.Build.0 = Debug|Any CPU
		{E3EE6C9F-CAC2-4A7E-8CFF-B225589B5593}.Debug|x64.ActiveCfg = Debug|Any CPU
		{E3EE6C9F-CAC2-4A7E-8CFF-B225589B5593}.Debug|x64.Build.0 = Debug|Any CPU
		{E3EE6C9F-CAC2-4A7E-8CFF-B225589B5593}.Debug|x86.ActiveCfg = Debug|Any CPU
		{E3EE6C9F-CAC2-4A7E-8CFF-B225589B5593}.Debug|x86.Build.0 = Debug|Any CPU
		{E3EE6C9F-CAC2-4A7E-8CFF-B225589B5593}.Release|Any CPU.ActiveCfg = Release|Any CPU
		{E3EE6C9F-CAC2-4A7E-8CFF-B225589B5593}.Release|Any CPU.Build.0 = Release|Any CPU
		{E3EE6C9F-CAC2-4A7E-8CFF-B225589B5593}.Release|x64.ActiveCfg = Release|Any CPU
		{E3EE6C9F-CAC2-4A7E-8CFF-B225589B5593}.Release|x64.Build.0 = Release|Any CPU
		{E3EE6C9F-CAC2-4A7E-8CFF-B225589B5593}.Release|x86.ActiveCfg = Release|Any CPU
		{E3EE6C9F-CAC2-4A7E-8CFF-B225589B5593}.Release|x86.Build.0 = Release|Any CPU
		{3E0CC89A-9791-4F05-8855-88E976E70638}.Debug|Any CPU.ActiveCfg = Debug|Any CPU
		{3E0CC89A-9791-4F05-8855-88E976E70638}.Debug|Any CPU.Build.0 = Debug|Any CPU
		{3E0CC89A-9791-4F05-8855-88E976E70638}.Debug|x64.ActiveCfg = Debug|Any CPU
		{3E0CC89A-9791-4F05-8855-88E976E70638}.Debug|x64.Build.0 = Debug|Any CPU
		{3E0CC89A-9791-4F05-8855-88E976E70638}.Debug|x86.ActiveCfg = Debug|Any CPU
		{3E0CC89A-9791-4F05-8855-88E976E70638}.Debug|x86.Build.0 = Debug|Any CPU
		{3E0CC89A-9791-4F05-8855-88E976E70638}.Release|Any CPU.ActiveCfg = Release|Any CPU
		{3E0CC89A-9791-4F05-8855-88E976E70638}.Release|Any CPU.Build.0 = Release|Any CPU
		{3E0CC89A-9791-4F05-8855-88E976E70638}.Release|x64.ActiveCfg = Release|Any CPU
		{3E0CC89A-9791-4F05-8855-88E976E70638}.Release|x64.Build.0 = Release|Any CPU
		{3E0CC89A-9791-4F05-8855-88E976E70638}.Release|x86.ActiveCfg = Release|Any CPU
		{3E0CC89A-9791-4F05-8855-88E976E70638}.Release|x86.Build.0 = Release|Any CPU
		{CC19E2D7-6AA4-4AD9-B4D9-3F3CD86EC172}.Debug|Any CPU.ActiveCfg = Debug|Any CPU
		{CC19E2D7-6AA4-4AD9-B4D9-3F3CD86EC172}.Debug|Any CPU.Build.0 = Debug|Any CPU
		{CC19E2D7-6AA4-4AD9-B4D9-3F3CD86EC172}.Debug|x64.ActiveCfg = Debug|Any CPU
		{CC19E2D7-6AA4-4AD9-B4D9-3F3CD86EC172}.Debug|x64.Build.0 = Debug|Any CPU
		{CC19E2D7-6AA4-4AD9-B4D9-3F3CD86EC172}.Debug|x86.ActiveCfg = Debug|Any CPU
		{CC19E2D7-6AA4-4AD9-B4D9-3F3CD86EC172}.Debug|x86.Build.0 = Debug|Any CPU
		{CC19E2D7-6AA4-4AD9-B4D9-3F3CD86EC172}.Release|Any CPU.ActiveCfg = Release|Any CPU
		{CC19E2D7-6AA4-4AD9-B4D9-3F3CD86EC172}.Release|Any CPU.Build.0 = Release|Any CPU
		{CC19E2D7-6AA4-4AD9-B4D9-3F3CD86EC172}.Release|x64.ActiveCfg = Release|Any CPU
		{CC19E2D7-6AA4-4AD9-B4D9-3F3CD86EC172}.Release|x64.Build.0 = Release|Any CPU
		{CC19E2D7-6AA4-4AD9-B4D9-3F3CD86EC172}.Release|x86.ActiveCfg = Release|Any CPU
		{CC19E2D7-6AA4-4AD9-B4D9-3F3CD86EC172}.Release|x86.Build.0 = Release|Any CPU
		{0C47C36F-DF7F-429F-A908-23D518E3ED71}.Debug|Any CPU.ActiveCfg = Debug|Any CPU
		{0C47C36F-DF7F-429F-A908-23D518E3ED71}.Debug|Any CPU.Build.0 = Debug|Any CPU
		{0C47C36F-DF7F-429F-A908-23D518E3ED71}.Debug|x64.ActiveCfg = Debug|Any CPU
		{0C47C36F-DF7F-429F-A908-23D518E3ED71}.Debug|x64.Build.0 = Debug|Any CPU
		{0C47C36F-DF7F-429F-A908-23D518E3ED71}.Debug|x86.ActiveCfg = Debug|Any CPU
		{0C47C36F-DF7F-429F-A908-23D518E3ED71}.Debug|x86.Build.0 = Debug|Any CPU
		{0C47C36F-DF7F-429F-A908-23D518E3ED71}.Release|Any CPU.ActiveCfg = Release|Any CPU
		{0C47C36F-DF7F-429F-A908-23D518E3ED71}.Release|Any CPU.Build.0 = Release|Any CPU
		{0C47C36F-DF7F-429F-A908-23D518E3ED71}.Release|x64.ActiveCfg = Release|Any CPU
		{0C47C36F-DF7F-429F-A908-23D518E3ED71}.Release|x64.Build.0 = Release|Any CPU
		{0C47C36F-DF7F-429F-A908-23D518E3ED71}.Release|x86.ActiveCfg = Release|Any CPU
		{0C47C36F-DF7F-429F-A908-23D518E3ED71}.Release|x86.Build.0 = Release|Any CPU
	EndGlobalSection
	GlobalSection(SolutionProperties) = preSolution
		HideSolutionNode = FALSE
	EndGlobalSection
	GlobalSection(NestedProjects) = preSolution
		{8B83C168-6727-4A2A-93D0-D99A118A894B} = {C01876EE-0C0C-4333-A9AF-BFB203737C34}
		{E3EE6C9F-CAC2-4A7E-8CFF-B225589B5593} = {C01876EE-0C0C-4333-A9AF-BFB203737C34}
		{3E0CC89A-9791-4F05-8855-88E976E70638} = {C01876EE-0C0C-4333-A9AF-BFB203737C34}
		{CC19E2D7-6AA4-4AD9-B4D9-3F3CD86EC172} = {9A262D39-738D-4D68-8860-4B8FB0922407}
		{0C47C36F-DF7F-429F-A908-23D518E3ED71} = {C01876EE-0C0C-4333-A9AF-BFB203737C34}
	EndGlobalSection
	GlobalSection(ExtensibilityGlobals) = postSolution
		SolutionGuid = {323D7AD7-F051-4F01-8E75-A0801C4D4CCF}
	EndGlobalSection
EndGlobal
